{
  "requires": true,
  "lockfileVersion": 1,
  "dependencies": {
    "@types/mailgen": {
      "version": "2.0.3",
      "resolved": "https://registry.npmjs.org/@types/mailgen/-/mailgen-2.0.3.tgz",
      "integrity": "sha512-gNCVJvfCmeNUfdQO+YeDR4itqU+uUCIxoeM9QeGharU6qJ097okZeFTBXVWuaQj1O96fIi71Q82pheGSVeo0oQ=="
    }
  }
}
